<?xml version="1.0" encoding="utf-8"?>
<Project ToolsVersion="4.0" xmlns="http://schemas.microsoft.com/developer/msbuild/2003">
  <ItemGroup>
    <Filter Include="src">
      <UniqueIdentifier>{07fbe22b-1a58-4d04-9ddd-f8bbcc070d3d}</UniqueIdentifier>
    </Filter>
    <Filter Include="src\cg">
      <UniqueIdentifier>{df744f23-3a72-47b4-914f-4f43e6bdc136}</UniqueIdentifier>
    </Filter>
    <Filter Include="src\utils">
      <UniqueIdentifier>{76bce3e5-3f63-4dcb-b7bb-fb87b902cf83}</UniqueIdentifier>
    </Filter>
    <Filter Include="src\cv">
      <UniqueIdentifier>{ac5dcf6b-a67e-4cff-8e2e-38f5fe057262}</UniqueIdentifier>
    </Filter>
    <Filter Include="3rdparty">
      <UniqueIdentifier>{aecbc5fe-4031-49c8-93f6-a9009954ad84}</UniqueIdentifier>
    </Filter>
    <Filter Include="3rdparty\tinyxml2">
      <UniqueIdentifier>{9a9b0ff3-4f0c-4a9d-8121-f0a20109a8d7}</UniqueIdentifier>
    </Filter>
  </ItemGroup>
  <ItemGroup>
    <ClCompile Include="src\app\lsApp.cpp">
      <Filter>src</Filter>
    </ClCompile>
    <ClCompile Include="src\app\lsFrame.cpp">
      <Filter>src</Filter>
    </ClCompile>
    <ClCompile Include="src\utils\lsUtils.cpp">
      <Filter>src\utils</Filter>
    </ClCompile>
    <ClCompile Include="src\utils\lsDebug.cpp">
      <Filter>src\utils</Filter>
    </ClCompile>
    <ClCompile Include="src\cg\lsDrawPanel.cpp">
      <Filter>src\cg</Filter>
    </ClCompile>
    <ClCompile Include="src\cg\lsLine.cpp">
      <Filter>src\cg</Filter>
    </ClCompile>
    <ClCompile Include="src\cg\lsPainter.cpp">
      <Filter>src\cg</Filter>
    </ClCompile>
    <ClCompile Include="src\cg\lsView.cpp">
      <Filter>src\cg</Filter>
    </ClCompile>
    <ClCompile Include="3rdparty\tinyxml2\tinyxml2.cpp">
      <Filter>3rdparty\tinyxml2</Filter>
    </ClCompile>
  </ItemGroup>
  <ItemGroup>
    <ClInclude Include="src\app\lsApp.h">
      <Filter>src</Filter>
    </ClInclude>
    <ClInclude Include="src\app\lsFrame.h">
      <Filter>src</Filter>
    </ClInclude>
    <ClInclude Include="src\utils\lsUtils.h">
      <Filter>src\utils</Filter>
    </ClInclude>
    <ClInclude Include="src\utils\lsDebug.h">
      <Filter>src\utils</Filter>
    </ClInclude>
    <ClInclude Include="src\cg\lsDrawPanel.h">
      <Filter>src\cg</Filter>
    </ClInclude>
    <ClInclude Include="src\cg\lsLine.h">
      <Filter>src\cg</Filter>
    </ClInclude>
    <ClInclude Include="src\cg\lsPainter.h">
      <Filter>src\cg</Filter>
    </ClInclude>
    <ClInclude Include="src\cg\lsView.h">
      <Filter>src\cg</Filter>
    </ClInclude>
    <ClInclude Include="3rdparty\tinyxml2\tinyxml2.h">
      <Filter>3rdparty\tinyxml2</Filter>
    </ClInclude>
  </ItemGroup>
</Project>